{
  "name": "bitcoinjs-lib",
  "version": "3.3.2",
  "lockfileVersion": 1,
  "requires": true,
  "dependencies": {
    "bip65": {
      "version": "1.0.3",
      "resolved": "https://registry.npmjs.org/bip65/-/bip65-1.0.3.tgz",
      "integrity": "sha512-RQ1nc7xtnLa5XltnCqkoR2zmhuz498RjMJwrLKQzOE049D1HUqnYfon7cVSbwS5UGm0/EQlC2CH+NY3MyITA4Q==",
      "dev": true
    }
  }
}
